foosoft.net/projects/jmdict v0.0.0-20220704034116-2e3194aa18d5 h1:OSA3YcWT9bUg4ut4bTuUtrW1wMg9wJen1VUBbLKqyTQ=
foosoft.net/projects/jmdict v0.0.0-20220704034116-2e3194aa18d5/go.mod h1:ZrjLCcE7ZrND28ZOSGYMd78tL+Dffiv2g+NjOMKgnew=
foosoft.net/projects/zero-epwing-go v0.0.0-20220704035039-bc008453615d h1:GDyxif1+wM5gml2yTb9zy+9KE9NcTrtFxplpQCt/ksQ=
foosoft.net/projects/zero-epwing-go v0.0.0-20220704035039-bc008453615d/go.mod h1:ux61lX0Tn9Pd3xz/48Obt2I/A5LPWoNtV2x6rZpWuPM=
github.com/andlabs/ui v0.0.0-20200610043537-70a69d6ae31e h1:wSQCJiig/QkoUnpvelSPbLiZNWvh2yMqQTQvIQqSUkU=
github.com/andlabs/ui v0.0.0-20200610043537-70a69d6ae31e/go.mod h1:5G2EjwzgZUPnnReoKvPWVneT8APYbyKkihDVAHUi0II=
github.com/mattn/go-sqlite3 v1.14.14 h1:qZgc/Rwetq+MtyE18WhzjokPD93dNqLGNT3QJuLvBGw=
github.com/mattn/go-sqlite3 v1.14.14/go.mod h1:NyWgC/yNuGj7Q9rpYnZvas74GogHl5/Z4A/KQRfk6bU=
golang.org/x/text v0.3.7 h1:olpwvP2KacW1ZWvsR7uQhoyTYvKAupfQrRGBFM352Gk=
golang.org/x/text v0.3.7/go.mod h1:u+2+/6zg+i71rQMx5EYifcz6MCKuco9NR6JIITiCfzQ=
